
Microsoft Visual Studio Solution File, Format Version 12.00
# Visual Studio Version 16
VisualStudioVersion = 16.6.30114.105
MinimumVisualStudioVersion = 10.0.40219.1
Project("{2150E333-8FDC-42A3-9474-1A3956D46DE8}") = "src", "src", "{F2A116EE-3CD2-4F6F-89EA-EAB210050E5E}"
EndProject
Project("{2150E333-8FDC-42A3-9474-1A3956D46DE8}") = "services", "services", "{BEBA5470-285D-4E12-8DD3-137AC43C8C4C}"
EndProject
Project("{2150E333-8FDC-42A3-9474-1A3956D46DE8}") = "client", "client", "{97E79BD7-8928-4D45-9679-E8B9EAF54243}"
EndProject
Project("{FAE04EC0-301F-11D3-BF4B-00C04F79EFBC}") = "Client.Api", "src\services\client\Client.Api\Client.Api.csproj", "{9E353270-23C6-4B13-B0A6-44B0820CCC7F}"
EndProject
Project("{FAE04EC0-301F-11D3-BF4B-00C04F79EFBC}") = "SharedKernel", "src\services\SharedKernel\SharedKernel.csproj", "{6D4C560B-B1D0-42E5-BB22-089AA1E9DF0B}"
EndProject
Project("{2150E333-8FDC-42A3-9474-1A3956D46DE8}") = "SharedKernel", "SharedKernel", "{6FEA88B0-D5F4-11EB-84BC-E712CDDD7D92}"
EndProject
Project("{2150E333-8FDC-42A3-9474-1A3956D46DE8}") = "weatherForecast", "weatherForecast", "{A70C2C13-8BCC-4931-8B3A-67F7993D1FD7}"
EndProject
Project("{FAE04EC0-301F-11D3-BF4B-00C04F79EFBC}") = "Labs.Api", "src\services\weatherForecast\Labs.Api\Labs.Api.csproj", "{26F0F087-C44E-413A-8194-30C456D499D1}"
EndProject
Project("{2150E333-8FDC-42A3-9474-1A3956D46DE8}") = "apiGateway", "apiGateway", "{F1C40B02-2CFE-49A5-80C5-897A11BB4936}"
EndProject
Project("{FAE04EC0-301F-11D3-BF4B-00C04F79EFBC}") = "apiGateway", "src\services\apiGateway\ApiGateway.Api\apiGateway.csproj", "{9582FCC3-6920-421E-B336-A8D165E025BA}"
EndProject
Project("{2150E333-8FDC-42A3-9474-1A3956D46DE8}") = "Tests", "Tests", "{D329B52A-FDA4-433D-A92A-701A0D4D48A2}"
EndProject
Project("{FAE04EC0-301F-11D3-BF4B-00C04F79EFBC}") = "Weather.IntegrationTests", "src\services\weatherForecast\Tests\Integration\Weather.IntegrationTests.csproj", "{856B1326-9690-4F6E-8729-01445497E9AD}"
EndProject
Global
	GlobalSection(SolutionProperties) = preSolution
		HideSolutionNode = FALSE
	EndGlobalSection
	GlobalSection(SolutionConfigurationPlatforms) = preSolution
		Debug|Any CPU = Debug|Any CPU
		Debug|x64 = Debug|x64
		Debug|x86 = Debug|x86
		Release|Any CPU = Release|Any CPU
		Release|x64 = Release|x64
		Release|x86 = Release|x86
	EndGlobalSection
	GlobalSection(ProjectConfigurationPlatforms) = postSolution
		{9E353270-23C6-4B13-B0A6-44B0820CCC7F}.Debug|Any CPU.ActiveCfg = Debug|Any CPU
		{9E353270-23C6-4B13-B0A6-44B0820CCC7F}.Debug|Any CPU.Build.0 = Debug|Any CPU
		{9E353270-23C6-4B13-B0A6-44B0820CCC7F}.Debug|x64.ActiveCfg = Debug|Any CPU
		{9E353270-23C6-4B13-B0A6-44B0820CCC7F}.Debug|x64.Build.0 = Debug|Any CPU
		{9E353270-23C6-4B13-B0A6-44B0820CCC7F}.Debug|x86.ActiveCfg = Debug|Any CPU
		{9E353270-23C6-4B13-B0A6-44B0820CCC7F}.Debug|x86.Build.0 = Debug|Any CPU
		{9E353270-23C6-4B13-B0A6-44B0820CCC7F}.Release|Any CPU.ActiveCfg = Release|Any CPU
		{9E353270-23C6-4B13-B0A6-44B0820CCC7F}.Release|Any CPU.Build.0 = Release|Any CPU
		{9E353270-23C6-4B13-B0A6-44B0820CCC7F}.Release|x64.ActiveCfg = Release|Any CPU
		{9E353270-23C6-4B13-B0A6-44B0820CCC7F}.Release|x64.Build.0 = Release|Any CPU
		{9E353270-23C6-4B13-B0A6-44B0820CCC7F}.Release|x86.ActiveCfg = Release|Any CPU
		{9E353270-23C6-4B13-B0A6-44B0820CCC7F}.Release|x86.Build.0 = Release|Any CPU
		{6D4C560B-B1D0-42E5-BB22-089AA1E9DF0B}.Debug|Any CPU.ActiveCfg = Debug|Any CPU
		{6D4C560B-B1D0-42E5-BB22-089AA1E9DF0B}.Debug|Any CPU.Build.0 = Debug|Any CPU
		{6D4C560B-B1D0-42E5-BB22-089AA1E9DF0B}.Debug|x64.ActiveCfg = Debug|Any CPU
		{6D4C560B-B1D0-42E5-BB22-089AA1E9DF0B}.Debug|x64.Build.0 = Debug|Any CPU
		{6D4C560B-B1D0-42E5-BB22-089AA1E9DF0B}.Debug|x86.ActiveCfg = Debug|Any CPU
		{6D4C560B-B1D0-42E5-BB22-089AA1E9DF0B}.Debug|x86.Build.0 = Debug|Any CPU
		{6D4C560B-B1D0-42E5-BB22-089AA1E9DF0B}.Release|Any CPU.ActiveCfg = Release|Any CPU
		{6D4C560B-B1D0-42E5-BB22-089AA1E9DF0B}.Release|Any CPU.Build.0 = Release|Any CPU
		{6D4C560B-B1D0-42E5-BB22-089AA1E9DF0B}.Release|x64.ActiveCfg = Release|Any CPU
		{6D4C560B-B1D0-42E5-BB22-089AA1E9DF0B}.Release|x64.Build.0 = Release|Any CPU
		{6D4C560B-B1D0-42E5-BB22-089AA1E9DF0B}.Release|x86.ActiveCfg = Release|Any CPU
		{6D4C560B-B1D0-42E5-BB22-089AA1E9DF0B}.Release|x86.Build.0 = Release|Any CPU
		{26F0F087-C44E-413A-8194-30C456D499D1}.Debug|Any CPU.ActiveCfg = Debug|Any CPU
		{26F0F087-C44E-413A-8194-30C456D499D1}.Debug|Any CPU.Build.0 = Debug|Any CPU
		{26F0F087-C44E-413A-8194-30C456D499D1}.Debug|x64.ActiveCfg = Debug|Any CPU
		{26F0F087-C44E-413A-8194-30C456D499D1}.Debug|x64.Build.0 = Debug|Any CPU
		{26F0F087-C44E-413A-8194-30C456D499D1}.Debug|x86.ActiveCfg = Debug|Any CPU
		{26F0F087-C44E-413A-8194-30C456D499D1}.Debug|x86.Build.0 = Debug|Any CPU
		{26F0F087-C44E-413A-8194-30C456D499D1}.Release|Any CPU.ActiveCfg = Release|Any CPU
		{26F0F087-C44E-413A-8194-30C456D499D1}.Release|Any CPU.Build.0 = Release|Any CPU
		{26F0F087-C44E-413A-8194-30C456D499D1}.Release|x64.ActiveCfg = Release|Any CPU
		{26F0F087-C44E-413A-8194-30C456D499D1}.Release|x64.Build.0 = Release|Any CPU
		{26F0F087-C44E-413A-8194-30C456D499D1}.Release|x86.ActiveCfg = Release|Any CPU
		{26F0F087-C44E-413A-8194-30C456D499D1}.Release|x86.Build.0 = Release|Any CPU
		{9582FCC3-6920-421E-B336-A8D165E025BA}.Debug|Any CPU.ActiveCfg = Debug|Any CPU
		{9582FCC3-6920-421E-B336-A8D165E025BA}.Debug|Any CPU.Build.0 = Debug|Any CPU
		{9582FCC3-6920-421E-B336-A8D165E025BA}.Debug|x64.ActiveCfg = Debug|Any CPU
		{9582FCC3-6920-421E-B336-A8D165E025BA}.Debug|x64.Build.0 = Debug|Any CPU
		{9582FCC3-6920-421E-B336-A8D165E025BA}.Debug|x86.ActiveCfg = Debug|Any CPU
		{9582FCC3-6920-421E-B336-A8D165E025BA}.Debug|x86.Build.0 = Debug|Any CPU
		{9582FCC3-6920-421E-B336-A8D165E025BA}.Release|Any CPU.ActiveCfg = Release|Any CPU
		{9582FCC3-6920-421E-B336-A8D165E025BA}.Release|Any CPU.Build.0 = Release|Any CPU
		{9582FCC3-6920-421E-B336-A8D165E025BA}.Release|x64.ActiveCfg = Release|Any CPU
		{9582FCC3-6920-421E-B336-A8D165E025BA}.Release|x64.Build.0 = Release|Any CPU
		{9582FCC3-6920-421E-B336-A8D165E025BA}.Release|x86.ActiveCfg = Release|Any CPU
		{9582FCC3-6920-421E-B336-A8D165E025BA}.Release|x86.Build.0 = Release|Any CPU
		{856B1326-9690-4F6E-8729-01445497E9AD}.Debug|Any CPU.ActiveCfg = Debug|Any CPU
		{856B1326-9690-4F6E-8729-01445497E9AD}.Debug|Any CPU.Build.0 = Debug|Any CPU
		{856B1326-9690-4F6E-8729-01445497E9AD}.Debug|x64.ActiveCfg = Debug|Any CPU
		{856B1326-9690-4F6E-8729-01445497E9AD}.Debug|x64.Build.0 = Debug|Any CPU
		{856B1326-9690-4F6E-8729-01445497E9AD}.Debug|x86.ActiveCfg = Debug|Any CPU
		{856B1326-9690-4F6E-8729-01445497E9AD}.Debug|x86.Build.0 = Debug|Any CPU
		{856B1326-9690-4F6E-8729-01445497E9AD}.Release|Any CPU.ActiveCfg = Release|Any CPU
		{856B1326-9690-4F6E-8729-01445497E9AD}.Release|Any CPU.Build.0 = Release|Any CPU
		{856B1326-9690-4F6E-8729-01445497E9AD}.Release|x64.ActiveCfg = Release|Any CPU
		{856B1326-9690-4F6E-8729-01445497E9AD}.Release|x64.Build.0 = Release|Any CPU
		{856B1326-9690-4F6E-8729-01445497E9AD}.Release|x86.ActiveCfg = Release|Any CPU
		{856B1326-9690-4F6E-8729-01445497E9AD}.Release|x86.Build.0 = Release|Any CPU
	EndGlobalSection
	GlobalSection(NestedProjects) = preSolution
		{6FEA88B0-D5F4-11EB-84BC-E712CDDD7D92} = {BEBA5470-285D-4E12-8DD3-137AC43C8C4C}
		{BEBA5470-285D-4E12-8DD3-137AC43C8C4C} = {F2A116EE-3CD2-4F6F-89EA-EAB210050E5E}
		{97E79BD7-8928-4D45-9679-E8B9EAF54243} = {BEBA5470-285D-4E12-8DD3-137AC43C8C4C}
		{9E353270-23C6-4B13-B0A6-44B0820CCC7F} = {97E79BD7-8928-4D45-9679-E8B9EAF54243}
		{6D4C560B-B1D0-42E5-BB22-089AA1E9DF0B} = {6FEA88B0-D5F4-11EB-84BC-E712CDDD7D92}
		{A70C2C13-8BCC-4931-8B3A-67F7993D1FD7} = {BEBA5470-285D-4E12-8DD3-137AC43C8C4C}
		{26F0F087-C44E-413A-8194-30C456D499D1} = {A70C2C13-8BCC-4931-8B3A-67F7993D1FD7}
		{F1C40B02-2CFE-49A5-80C5-897A11BB4936} = {BEBA5470-285D-4E12-8DD3-137AC43C8C4C}
		{9582FCC3-6920-421E-B336-A8D165E025BA} = {F1C40B02-2CFE-49A5-80C5-897A11BB4936}
		{D329B52A-FDA4-433D-A92A-701A0D4D48A2} = {A70C2C13-8BCC-4931-8B3A-67F7993D1FD7}
		{856B1326-9690-4F6E-8729-01445497E9AD} = {D329B52A-FDA4-433D-A92A-701A0D4D48A2}
	EndGlobalSection
EndGlobal
